
Microsoft Visual Studio Solution File, Format Version 12.00
# Visual Studio Version 16
VisualStudioVersion = 16.0.30011.22
MinimumVisualStudioVersion = 10.0.40219.1
Project("{9A19103F-16F7-4668-BE54-9A1E7A4F7556}") = "microweather", "microweather\microweather.csproj", "{846B6FC4-BF59-43E2-9160-9F67836BB8EA}"
EndProject
Global
	GlobalSection(SolutionConfigurationPlatforms) = preSolution
		Debug|Any CPU = Debug|Any CPU
		Release|Any CPU = Release|Any CPU
	EndGlobalSection
	GlobalSection(ProjectConfigurationPlatforms) = postSolution
		{846B6FC4-BF59-43E2-9160-9F67836BB8EA}.Debug|Any CPU.ActiveCfg = Debug|Any CPU
		{846B6FC4-BF59-43E2-9160-9F67836BB8EA}.Debug|Any CPU.Build.0 = Debug|Any CPU
		{846B6FC4-BF59-43E2-9160-9F67836BB8EA}.Release|Any CPU.ActiveCfg = Release|Any CPU
		{846B6FC4-BF59-43E2-9160-9F67836BB8EA}.Release|Any CPU.Build.0 = Release|Any CPU
	EndGlobalSection
	GlobalSection(SolutionProperties) = preSolution
		HideSolutionNode = FALSE
	EndGlobalSection
	GlobalSection(ExtensibilityGlobals) = postSolution
		SolutionGuid = {C726DE10-5EED-4668-A058-0D9065CC57C3}
	EndGlobalSection
EndGlobal
